
Microsoft Visual Studio Solution File, Format Version 11.00
# Visual Studio 2010
Project("{FAE04EC0-301F-11D3-BF4B-00C04F79EFBC}") = "DogFightModel", "DogFightModel\DogFightModel.csproj", "{7AC87594-FD6B-4E46-8C97-5FCACD98EDE7}"
EndProject
Project("{FAE04EC0-301F-11D3-BF4B-00C04F79EFBC}") = "DogFightTests", "DogFightTests\DogFightTests.csproj", "{D50A4EB2-10F3-4F30-B6C7-C65DBCED2B82}"
EndProject
Project("{FAE04EC0-301F-11D3-BF4B-00C04F79EFBC}") = "DogFightApp", "DogFightApp\DogFightApp.csproj", "{7582A7F8-DE1A-4448-A862-A50287FAF31A}"
EndProject
Global
	GlobalSection(SolutionConfigurationPlatforms) = preSolution
		Debug|Any CPU = Debug|Any CPU
		Debug|Mixed Platforms = Debug|Mixed Platforms
		Debug|x86 = Debug|x86
		Release|Any CPU = Release|Any CPU
		Release|Mixed Platforms = Release|Mixed Platforms
		Release|x86 = Release|x86
	EndGlobalSection
	GlobalSection(ProjectConfigurationPlatforms) = postSolution
		{7AC87594-FD6B-4E46-8C97-5FCACD98EDE7}.Debug|Any CPU.ActiveCfg = Debug|Any CPU
		{7AC87594-FD6B-4E46-8C97-5FCACD98EDE7}.Debug|Any CPU.Build.0 = Debug|Any CPU
		{7AC87594-FD6B-4E46-8C97-5FCACD98EDE7}.Debug|Mixed Platforms.ActiveCfg = Debug|Any CPU
		{7AC87594-FD6B-4E46-8C97-5FCACD98EDE7}.Debug|Mixed Platforms.Build.0 = Debug|Any CPU
		{7AC87594-FD6B-4E46-8C97-5FCACD98EDE7}.Debug|x86.ActiveCfg = Debug|Any CPU
		{7AC87594-FD6B-4E46-8C97-5FCACD98EDE7}.Release|Any CPU.ActiveCfg = Release|Any CPU
		{7AC87594-FD6B-4E46-8C97-5FCACD98EDE7}.Release|Any CPU.Build.0 = Release|Any CPU
		{7AC87594-FD6B-4E46-8C97-5FCACD98EDE7}.Release|Mixed Platforms.ActiveCfg = Release|Any CPU
		{7AC87594-FD6B-4E46-8C97-5FCACD98EDE7}.Release|Mixed Platforms.Build.0 = Release|Any CPU
		{7AC87594-FD6B-4E46-8C97-5FCACD98EDE7}.Release|x86.ActiveCfg = Release|Any CPU
		{D50A4EB2-10F3-4F30-B6C7-C65DBCED2B82}.Debug|Any CPU.ActiveCfg = Debug|Any CPU
		{D50A4EB2-10F3-4F30-B6C7-C65DBCED2B82}.Debug|Any CPU.Build.0 = Debug|Any CPU
		{D50A4EB2-10F3-4F30-B6C7-C65DBCED2B82}.Debug|Mixed Platforms.ActiveCfg = Debug|Any CPU
		{D50A4EB2-10F3-4F30-B6C7-C65DBCED2B82}.Debug|Mixed Platforms.Build.0 = Debug|Any CPU
		{D50A4EB2-10F3-4F30-B6C7-C65DBCED2B82}.Debug|x86.ActiveCfg = Debug|Any CPU
		{D50A4EB2-10F3-4F30-B6C7-C65DBCED2B82}.Release|Any CPU.ActiveCfg = Release|Any CPU
		{D50A4EB2-10F3-4F30-B6C7-C65DBCED2B82}.Release|Any CPU.Build.0 = Release|Any CPU
		{D50A4EB2-10F3-4F30-B6C7-C65DBCED2B82}.Release|Mixed Platforms.ActiveCfg = Release|Any CPU
		{D50A4EB2-10F3-4F30-B6C7-C65DBCED2B82}.Release|Mixed Platforms.Build.0 = Release|Any CPU
		{D50A4EB2-10F3-4F30-B6C7-C65DBCED2B82}.Release|x86.ActiveCfg = Release|Any CPU
		{7582A7F8-DE1A-4448-A862-A50287FAF31A}.Debug|Any CPU.ActiveCfg = Debug|x86
		{7582A7F8-DE1A-4448-A862-A50287FAF31A}.Debug|Mixed Platforms.ActiveCfg = Debug|x86
		{7582A7F8-DE1A-4448-A862-A50287FAF31A}.Debug|Mixed Platforms.Build.0 = Debug|x86
		{7582A7F8-DE1A-4448-A862-A50287FAF31A}.Debug|x86.ActiveCfg = Debug|x86
		{7582A7F8-DE1A-4448-A862-A50287FAF31A}.Debug|x86.Build.0 = Debug|x86
		{7582A7F8-DE1A-4448-A862-A50287FAF31A}.Release|Any CPU.ActiveCfg = Release|x86
		{7582A7F8-DE1A-4448-A862-A50287FAF31A}.Release|Mixed Platforms.ActiveCfg = Release|x86
		{7582A7F8-DE1A-4448-A862-A50287FAF31A}.Release|Mixed Platforms.Build.0 = Release|x86
		{7582A7F8-DE1A-4448-A862-A50287FAF31A}.Release|x86.ActiveCfg = Release|x86
		{7582A7F8-DE1A-4448-A862-A50287FAF31A}.Release|x86.Build.0 = Release|x86
	EndGlobalSection
	GlobalSection(SolutionProperties) = preSolution
		HideSolutionNode = FALSE
	EndGlobalSection
EndGlobal
