
Microsoft Visual Studio Solution File, Format Version 11.00
# Visual Studio 2010
Project("{FAE04EC0-301F-11D3-BF4B-00C04F79EFBC}") = "DogFightModel", "DogFightModel\DogFightModel.csproj", "{7AC87594-FD6B-4E46-8C97-5FCACD98EDE7}"
EndProject
Project("{FAE04EC0-301F-11D3-BF4B-00C04F79EFBC}") = "DogFightTests", "DogFightTests\DogFightTests.csproj", "{D50A4EB2-10F3-4F30-B6C7-C65DBCED2B82}"
EndProject
Project("{FAE04EC0-301F-11D3-BF4B-00C04F79EFBC}") = "DogFightApp", "DogFightApp\DogFightApp.csproj", "{7582A7F8-DE1A-4448-A862-A50287FAF31A}"
EndProject
Project("{FAE04EC0-301F-11D3-BF4B-00C04F79EFBC}") = "DogFightContexts", "DogFightContexts\DogFightContexts.csproj", "{32793265-BC4A-4F44-A022-800DFC62F43D}"
EndProject
Project("{FAE04EC0-301F-11D3-BF4B-00C04F79EFBC}") = "DaeMvvmFramework", "DaeMvvmFramework\DaeMvvmFramework.csproj", "{09530FF7-D425-4172-B97C-795516A33470}"
EndProject
Global
	GlobalSection(SolutionConfigurationPlatforms) = preSolution
		Debug|Any CPU = Debug|Any CPU
		Release|Any CPU = Release|Any CPU
	EndGlobalSection
	GlobalSection(ProjectConfigurationPlatforms) = postSolution
		{7AC87594-FD6B-4E46-8C97-5FCACD98EDE7}.Debug|Any CPU.ActiveCfg = Debug|Any CPU
		{7AC87594-FD6B-4E46-8C97-5FCACD98EDE7}.Debug|Any CPU.Build.0 = Debug|Any CPU
		{7AC87594-FD6B-4E46-8C97-5FCACD98EDE7}.Release|Any CPU.ActiveCfg = Release|Any CPU
		{7AC87594-FD6B-4E46-8C97-5FCACD98EDE7}.Release|Any CPU.Build.0 = Release|Any CPU
		{D50A4EB2-10F3-4F30-B6C7-C65DBCED2B82}.Debug|Any CPU.ActiveCfg = Debug|Any CPU
		{D50A4EB2-10F3-4F30-B6C7-C65DBCED2B82}.Debug|Any CPU.Build.0 = Debug|Any CPU
		{D50A4EB2-10F3-4F30-B6C7-C65DBCED2B82}.Release|Any CPU.ActiveCfg = Release|Any CPU
		{D50A4EB2-10F3-4F30-B6C7-C65DBCED2B82}.Release|Any CPU.Build.0 = Release|Any CPU
		{7582A7F8-DE1A-4448-A862-A50287FAF31A}.Debug|Any CPU.ActiveCfg = Debug|Any CPU
		{7582A7F8-DE1A-4448-A862-A50287FAF31A}.Debug|Any CPU.Build.0 = Debug|Any CPU
		{7582A7F8-DE1A-4448-A862-A50287FAF31A}.Release|Any CPU.ActiveCfg = Release|Any CPU
		{7582A7F8-DE1A-4448-A862-A50287FAF31A}.Release|Any CPU.Build.0 = Release|Any CPU
		{32793265-BC4A-4F44-A022-800DFC62F43D}.Debug|Any CPU.ActiveCfg = Debug|Any CPU
		{32793265-BC4A-4F44-A022-800DFC62F43D}.Debug|Any CPU.Build.0 = Debug|Any CPU
		{32793265-BC4A-4F44-A022-800DFC62F43D}.Release|Any CPU.ActiveCfg = Release|Any CPU
		{32793265-BC4A-4F44-A022-800DFC62F43D}.Release|Any CPU.Build.0 = Release|Any CPU
		{09530FF7-D425-4172-B97C-795516A33470}.Debug|Any CPU.ActiveCfg = Debug|Any CPU
		{09530FF7-D425-4172-B97C-795516A33470}.Debug|Any CPU.Build.0 = Debug|Any CPU
		{09530FF7-D425-4172-B97C-795516A33470}.Release|Any CPU.ActiveCfg = Release|Any CPU
		{09530FF7-D425-4172-B97C-795516A33470}.Release|Any CPU.Build.0 = Release|Any CPU
	EndGlobalSection
	GlobalSection(SolutionProperties) = preSolution
		HideSolutionNode = FALSE
	EndGlobalSection
EndGlobal
